// !$*UTF8*$!
{
	archiveVersion = 1;
	classes = {
	};
	objectVersion = 56;
	objects = {

/* Begin PBXBuildFile section */
		C745F7D92AA660030089BA77 /* Boolean.swift in Sources */ = {isa = PBXBuildFile; fileRef = C745F7D82AA660030089BA77 /* Boolean.swift */; };
		C7760C6F2A9E6F930081C490 /* Lazy.swift in Sources */ = {isa = PBXBuildFile; fileRef = C7760C6E2A9E6F930081C490 /* Lazy.swift */; };
		C77C80662AAD0A6600D655D1 /* TypeIdentity.swift in Sources */ = {isa = PBXBuildFile; fileRef = C77C80652AAD0A6600D655D1 /* TypeIdentity.swift */; };
		C7B14EA02AA25E9F00080D1F /* ListEntry.swift in Sources */ = {isa = PBXBuildFile; fileRef = C7B14E9F2AA25E9F00080D1F /* ListEntry.swift */; };
		C7B14EA62AA2721D00080D1F /* Exception.swift in Sources */ = {isa = PBXBuildFile; fileRef = C7B14EA52AA2721D00080D1F /* Exception.swift */; };
		C7B14EA82AA2767E00080D1F /* Entry.swift in Sources */ = {isa = PBXBuildFile; fileRef = C7B14EA72AA2767E00080D1F /* Entry.swift */; };
		C7BAC9902AA4BDED008C3895 /* Klass.swift in Sources */ = {isa = PBXBuildFile; fileRef = C7BAC98F2AA4BDED008C3895 /* Klass.swift */; };
		C7C8334A2A9FA90800A4A647 /* Optional.swift in Sources */ = {isa = PBXBuildFile; fileRef = C7C833492A9FA90800A4A647 /* Optional.swift */; };
		C8318A4CA5ACBEA0B604F780 /* Pods_lib_ios_core.framework in Frameworks */ = {isa = PBXBuildFile; fileRef = B8A0DB9D083FAF7E069748B4 /* Pods_lib_ios_core.framework */; settings = {ATTRIBUTES = (Weak, ); }; };
/* End PBXBuildFile section */

/* Begin PBXFileReference section */
		01E8071B8ABF16A59A708E62 /* Pods-lib_ios_core.debug.xcconfig */ = {isa = PBXFileReference; includeInIndex = 1; lastKnownFileType = text.xcconfig; name = "Pods-lib_ios_core.debug.xcconfig"; path = "../../Pods/Target Support Files/Pods-lib_ios_core/Pods-lib_ios_core.debug.xcconfig"; sourceTree = "<group>"; };
		449135384F5336CC0792191C /* Pods-lib_ios_core.release.xcconfig */ = {isa = PBXFileReference; includeInIndex = 1; lastKnownFileType = text.xcconfig; name = "Pods-lib_ios_core.release.xcconfig"; path = "../../Pods/Target Support Files/Pods-lib_ios_core/Pods-lib_ios_core.release.xcconfig"; sourceTree = "<group>"; };
		B8A0DB9D083FAF7E069748B4 /* Pods_lib_ios_core.framework */ = {isa = PBXFileReference; explicitFileType = wrapper.framework; includeInIndex = 0; path = Pods_lib_ios_core.framework; sourceTree = BUILT_PRODUCTS_DIR; };
		C745F7D82AA660030089BA77 /* Boolean.swift */ = {isa = PBXFileReference; lastKnownFileType = sourcecode.swift; path = Boolean.swift; sourceTree = "<group>"; };
		C7757A772A925EC9008B1DDC /* lib_ios_core.framework */ = {isa = PBXFileReference; explicitFileType = wrapper.framework; includeInIndex = 0; path = lib_ios_core.framework; sourceTree = BUILT_PRODUCTS_DIR; };
		C7760C6E2A9E6F930081C490 /* Lazy.swift */ = {isa = PBXFileReference; fileEncoding = 4; lastKnownFileType = sourcecode.swift; path = Lazy.swift; sourceTree = "<group>"; };
		C77C80652AAD0A6600D655D1 /* TypeIdentity.swift */ = {isa = PBXFileReference; fileEncoding = 4; lastKnownFileType = sourcecode.swift; path = TypeIdentity.swift; sourceTree = "<group>"; };
		C7B14E9F2AA25E9F00080D1F /* ListEntry.swift */ = {isa = PBXFileReference; lastKnownFileType = sourcecode.swift; path = ListEntry.swift; sourceTree = "<group>"; };
		C7B14EA52AA2721D00080D1F /* Exception.swift */ = {isa = PBXFileReference; lastKnownFileType = sourcecode.swift; path = Exception.swift; sourceTree = "<group>"; };
		C7B14EA72AA2767E00080D1F /* Entry.swift */ = {isa = PBXFileReference; lastKnownFileType = sourcecode.swift; path = Entry.swift; sourceTree = "<group>"; };
		C7BAC98F2AA4BDED008C3895 /* Klass.swift */ = {isa = PBXFileReference; lastKnownFileType = sourcecode.swift; path = Klass.swift; sourceTree = "<group>"; };
		C7C833492A9FA90800A4A647 /* Optional.swift */ = {isa = PBXFileReference; lastKnownFileType = sourcecode.swift; path = Optional.swift; sourceTree = "<group>"; };
/* End PBXFileReference section */

/* Begin PBXFrameworksBuildPhase section */
		C7757A742A925EC9008B1DDC /* Frameworks */ = {
			isa = PBXFrameworksBuildPhase;
			buildActionMask = 2147483647;
			files = (
				C8318A4CA5ACBEA0B604F780 /* Pods_lib_ios_core.framework in Frameworks */,
			);
			runOnlyForDeploymentPostprocessing = 0;
		};
/* End PBXFrameworksBuildPhase section */

/* Begin PBXGroup section */
		74564D1A78D26183C2681B18 /* Pods */ = {
			isa = PBXGroup;
			children = (
				01E8071B8ABF16A59A708E62 /* Pods-lib_ios_core.debug.xcconfig */,
				449135384F5336CC0792191C /* Pods-lib_ios_core.release.xcconfig */,
			);
			name = Pods;
			path = ../../../app_rouedelice/client/app_client_ios/Pods;
			sourceTree = "<group>";
		};
		C704A3222A92697C00675174 /* src */ = {
			isa = PBXGroup;
			children = (
				C704A3232A92698800675174 /* com */,
			);
			path = src;
			sourceTree = "<group>";
		};
		C704A3232A92698800675174 /* com */ = {
			isa = PBXGroup;
			children = (
				C704A3242A92698D00675174 /* tezov */,
			);
			path = com;
			sourceTree = "<group>";
		};
		C704A3242A92698D00675174 /* tezov */ = {
			isa = PBXGroup;
			children = (
				C704A3252A92699300675174 /* lib_ios_core */,
			);
			path = tezov;
			sourceTree = "<group>";
		};
		C704A3252A92699300675174 /* lib_ios_core */ = {
			isa = PBXGroup;
			children = (
				C77CDD1D2AA4E1A600F0654C /* protocol */,
				C7C833482A9FA8F600A4A647 /* extension */,
				C73DDCFC2A9BB8C900FF1DD8 /* type */,
			);
			path = lib_ios_core;
			sourceTree = "<group>";
		};
		C73DDCFC2A9BB8C900FF1DD8 /* type */ = {
			isa = PBXGroup;
			children = (
				C73DDCFF2A9BCE7300FF1DD8 /* collection */,
				C7760C6E2A9E6F930081C490 /* Lazy.swift */,
				C77C80652AAD0A6600D655D1 /* TypeIdentity.swift */,
				C7B14EA52AA2721D00080D1F /* Exception.swift */,
				C7B14EA72AA2767E00080D1F /* Entry.swift */,
			);
			path = type;
			sourceTree = "<group>";
		};
		C73DDCFF2A9BCE7300FF1DD8 /* collection */ = {
			isa = PBXGroup;
			children = (
				C7B14E9F2AA25E9F00080D1F /* ListEntry.swift */,
			);
			path = collection;
			sourceTree = "<group>";
		};
		C7757A6D2A925EC9008B1DDC = {
			isa = PBXGroup;
			children = (
				C704A3222A92697C00675174 /* src */,
				C7757A782A925EC9008B1DDC /* Products */,
				74564D1A78D26183C2681B18 /* Pods */,
				D87953F05DBACCF4EFC27AA1 /* Frameworks */,
			);
			sourceTree = "<group>";
		};
		C7757A782A925EC9008B1DDC /* Products */ = {
			isa = PBXGroup;
			children = (
				C7757A772A925EC9008B1DDC /* lib_ios_core.framework */,
			);
			name = Products;
			sourceTree = "<group>";
		};
		C77CDD1D2AA4E1A600F0654C /* protocol */ = {
			isa = PBXGroup;
			children = (
				C7BAC98F2AA4BDED008C3895 /* Klass.swift */,
			);
			path = protocol;
			sourceTree = "<group>";
		};
		C7C833482A9FA8F600A4A647 /* extension */ = {
			isa = PBXGroup;
			children = (
				C7C833492A9FA90800A4A647 /* Optional.swift */,
				C745F7D82AA660030089BA77 /* Boolean.swift */,
			);
			path = extension;
			sourceTree = "<group>";
		};
		D87953F05DBACCF4EFC27AA1 /* Frameworks */ = {
			isa = PBXGroup;
			children = (
				B8A0DB9D083FAF7E069748B4 /* Pods_lib_ios_core.framework */,
			);
			name = Frameworks;
			sourceTree = "<group>";
		};
/* End PBXGroup section */

/* Begin PBXHeadersBuildPhase section */
		C7757A722A925EC9008B1DDC /* Headers */ = {
			isa = PBXHeadersBuildPhase;
			buildActionMask = 2147483647;
			files = (
			);
			runOnlyForDeploymentPostprocessing = 0;
		};
/* End PBXHeadersBuildPhase section */

/* Begin PBXNativeTarget section */
		C7757A762A925EC9008B1DDC /* lib_ios_core */ = {
			isa = PBXNativeTarget;
			buildConfigurationList = C7757A7E2A925EC9008B1DDC /* Build configuration list for PBXNativeTarget "lib_ios_core" */;
			buildPhases = (
				BE37C57845253F17FA28D5B1 /* [CP] Check Pods Manifest.lock */,
				C7757A722A925EC9008B1DDC /* Headers */,
				C7757A732A925EC9008B1DDC /* Sources */,
				C7757A742A925EC9008B1DDC /* Frameworks */,
				C7757A752A925EC9008B1DDC /* Resources */,
			);
			buildRules = (
			);
			dependencies = (
			);
			name = lib_ios_core;
			productName = lib_ios_core;
			productReference = C7757A772A925EC9008B1DDC /* lib_ios_core.framework */;
			productType = "com.apple.product-type.framework";
		};
/* End PBXNativeTarget section */

/* Begin PBXProject section */
		C7757A6E2A925EC9008B1DDC /* Project object */ = {
			isa = PBXProject;
			attributes = {
				BuildIndependentTargetsInParallel = 1;
				LastUpgradeCheck = 1430;
				TargetAttributes = {
					C7757A762A925EC9008B1DDC = {
						CreatedOnToolsVersion = 14.3.1;
						LastSwiftMigration = 1430;
					};
				};
			};
			buildConfigurationList = C7757A712A925EC9008B1DDC /* Build configuration list for PBXProject "lib_ios_core" */;
			compatibilityVersion = "Xcode 14.0";
			developmentRegion = en;
			hasScannedForEncodings = 0;
			knownRegions = (
				en,
				Base,
			);
			mainGroup = C7757A6D2A925EC9008B1DDC;
			productRefGroup = C7757A782A925EC9008B1DDC /* Products */;
			projectDirPath = "";
			projectRoot = "";
			targets = (
				C7757A762A925EC9008B1DDC /* lib_ios_core */,
			);
		};
/* End PBXProject section */

/* Begin PBXResourcesBuildPhase section */
		C7757A752A925EC9008B1DDC /* Resources */ = {
			isa = PBXResourcesBuildPhase;
			buildActionMask = 2147483647;
			files = (
			);
			runOnlyForDeploymentPostprocessing = 0;
		};
/* End PBXResourcesBuildPhase section */

/* Begin PBXShellScriptBuildPhase section */
		BE37C57845253F17FA28D5B1 /* [CP] Check Pods Manifest.lock */ = {
			isa = PBXShellScriptBuildPhase;
			buildActionMask = 2147483647;
			files = (
			);
			inputFileListPaths = (
			);
			inputPaths = (
				"${PODS_PODFILE_DIR_PATH}/Podfile.lock",
				"${PODS_ROOT}/Manifest.lock",
			);
			name = "[CP] Check Pods Manifest.lock";
			outputFileListPaths = (
			);
			outputPaths = (
				"$(DERIVED_FILE_DIR)/Pods-lib_ios_core-checkManifestLockResult.txt",
			);
			runOnlyForDeploymentPostprocessing = 0;
			shellPath = /bin/sh;
			shellScript = "diff \"${PODS_PODFILE_DIR_PATH}/Podfile.lock\" \"${PODS_ROOT}/Manifest.lock\" > /dev/null\nif [ $? != 0 ] ; then\n    # print error to STDERR\n    echo \"error: The sandbox is not in sync with the Podfile.lock. Run 'pod install' or update your CocoaPods installation.\" >&2\n    exit 1\nfi\n# This output is used by Xcode 'outputs' to avoid re-running this script phase.\necho \"SUCCESS\" > \"${SCRIPT_OUTPUT_FILE_0}\"\n";
			showEnvVarsInLog = 0;
		};
/* End PBXShellScriptBuildPhase section */

/* Begin PBXSourcesBuildPhase section */
		C7757A732A925EC9008B1DDC /* Sources */ = {
			isa = PBXSourcesBuildPhase;
			buildActionMask = 2147483647;
			files = (
				C745F7D92AA660030089BA77 /* Boolean.swift in Sources */,
				C7B14EA82AA2767E00080D1F /* Entry.swift in Sources */,
				C7B14EA02AA25E9F00080D1F /* ListEntry.swift in Sources */,
				C77C80662AAD0A6600D655D1 /* TypeIdentity.swift in Sources */,
				C7B14EA62AA2721D00080D1F /* Exception.swift in Sources */,
				C7760C6F2A9E6F930081C490 /* Lazy.swift in Sources */,
				C7C8334A2A9FA90800A4A647 /* Optional.swift in Sources */,
				C7BAC9902AA4BDED008C3895 /* Klass.swift in Sources */,
			);
			runOnlyForDeploymentPostprocessing = 0;
		};
/* End PBXSourcesBuildPhase section */

/* Begin XCBuildConfiguration section */
		C7757A7C2A925EC9008B1DDC /* Debug */ = {
			isa = XCBuildConfiguration;
			buildSettings = {
				ALWAYS_SEARCH_USER_PATHS = NO;
				CLANG_ANALYZER_NONNULL = YES;
				CLANG_ANALYZER_NUMBER_OBJECT_CONVERSION = YES_AGGRESSIVE;
				CLANG_CXX_LANGUAGE_STANDARD = "gnu++20";
				CLANG_ENABLE_MODULES = YES;
				CLANG_ENABLE_OBJC_ARC = YES;
				CLANG_ENABLE_OBJC_WEAK = YES;
				CLANG_WARN_BLOCK_CAPTURE_AUTORELEASING = YES;
				CLANG_WARN_BOOL_CONVERSION = YES;
				CLANG_WARN_COMMA = YES;
				CLANG_WARN_CONSTANT_CONVERSION = YES;
				CLANG_WARN_DEPRECATED_OBJC_IMPLEMENTATIONS = YES;
				CLANG_WARN_DIRECT_OBJC_ISA_USAGE = YES_ERROR;
				CLANG_WARN_DOCUMENTATION_COMMENTS = YES;
				CLANG_WARN_EMPTY_BODY = YES;
				CLANG_WARN_ENUM_CONVERSION = YES;
				CLANG_WARN_INFINITE_RECURSION = YES;
				CLANG_WARN_INT_CONVERSION = YES;
				CLANG_WARN_NON_LITERAL_NULL_CONVERSION = YES;
				CLANG_WARN_OBJC_IMPLICIT_RETAIN_SELF = YES;
				CLANG_WARN_OBJC_LITERAL_CONVERSION = YES;
				CLANG_WARN_OBJC_ROOT_CLASS = YES_ERROR;
				CLANG_WARN_QUOTED_INCLUDE_IN_FRAMEWORK_HEADER = YES;
				CLANG_WARN_RANGE_LOOP_ANALYSIS = YES;
				CLANG_WARN_STRICT_PROTOTYPES = YES;
				CLANG_WARN_SUSPICIOUS_MOVE = YES;
				CLANG_WARN_UNGUARDED_AVAILABILITY = YES_AGGRESSIVE;
				CLANG_WARN_UNREACHABLE_CODE = YES;
				CLANG_WARN__DUPLICATE_METHOD_MATCH = YES;
				COPY_PHASE_STRIP = NO;
				CURRENT_PROJECT_VERSION = 1;
				DEBUG_INFORMATION_FORMAT = dwarf;
				ENABLE_STRICT_OBJC_MSGSEND = YES;
				ENABLE_TESTABILITY = YES;
				GCC_C_LANGUAGE_STANDARD = gnu11;
				GCC_DYNAMIC_NO_PIC = NO;
				GCC_NO_COMMON_BLOCKS = YES;
				GCC_OPTIMIZATION_LEVEL = 0;
				GCC_PREPROCESSOR_DEFINITIONS = (
					"DEBUG=1",
					"$(inherited)",
				);
				GCC_WARN_64_TO_32_BIT_CONVERSION = YES;
				GCC_WARN_ABOUT_RETURN_TYPE = YES_ERROR;
				GCC_WARN_UNDECLARED_SELECTOR = YES;
				GCC_WARN_UNINITIALIZED_AUTOS = YES_AGGRESSIVE;
				GCC_WARN_UNUSED_FUNCTION = YES;
				GCC_WARN_UNUSED_VARIABLE = YES;
				IPHONEOS_DEPLOYMENT_TARGET = 14.0;
				MTL_ENABLE_DEBUG_INFO = INCLUDE_SOURCE;
				MTL_FAST_MATH = YES;
				ONLY_ACTIVE_ARCH = YES;
				SDKROOT = iphoneos;
				SWIFT_ACTIVE_COMPILATION_CONDITIONS = DEBUG;
				SWIFT_OPTIMIZATION_LEVEL = "-Onone";
				VERSIONING_SYSTEM = "apple-generic";
				VERSION_INFO_PREFIX = "";
			};
			name = Debug;
		};
		C7757A7D2A925EC9008B1DDC /* Release */ = {
			isa = XCBuildConfiguration;
			buildSettings = {
				ALWAYS_SEARCH_USER_PATHS = NO;
				CLANG_ANALYZER_NONNULL = YES;
				CLANG_ANALYZER_NUMBER_OBJECT_CONVERSION = YES_AGGRESSIVE;
				CLANG_CXX_LANGUAGE_STANDARD = "gnu++20";
				CLANG_ENABLE_MODULES = YES;
				CLANG_ENABLE_OBJC_ARC = YES;
				CLANG_ENABLE_OBJC_WEAK = YES;
				CLANG_WARN_BLOCK_CAPTURE_AUTORELEASING = YES;
				CLANG_WARN_BOOL_CONVERSION = YES;
				CLANG_WARN_COMMA = YES;
				CLANG_WARN_CONSTANT_CONVERSION = YES;
				CLANG_WARN_DEPRECATED_OBJC_IMPLEMENTATIONS = YES;
				CLANG_WARN_DIRECT_OBJC_ISA_USAGE = YES_ERROR;
				CLANG_WARN_DOCUMENTATION_COMMENTS = YES;
				CLANG_WARN_EMPTY_BODY = YES;
				CLANG_WARN_ENUM_CONVERSION = YES;
				CLANG_WARN_INFINITE_RECURSION = YES;
				CLANG_WARN_INT_CONVERSION = YES;
				CLANG_WARN_NON_LITERAL_NULL_CONVERSION = YES;
				CLANG_WARN_OBJC_IMPLICIT_RETAIN_SELF = YES;
				CLANG_WARN_OBJC_LITERAL_CONVERSION = YES;
				CLANG_WARN_OBJC_ROOT_CLASS = YES_ERROR;
				CLANG_WARN_QUOTED_INCLUDE_IN_FRAMEWORK_HEADER = YES;
				CLANG_WARN_RANGE_LOOP_ANALYSIS = YES;
				CLANG_WARN_STRICT_PROTOTYPES = YES;
				CLANG_WARN_SUSPICIOUS_MOVE = YES;
				CLANG_WARN_UNGUARDED_AVAILABILITY = YES_AGGRESSIVE;
				CLANG_WARN_UNREACHABLE_CODE = YES;
				CLANG_WARN__DUPLICATE_METHOD_MATCH = YES;
				COPY_PHASE_STRIP = NO;
				CURRENT_PROJECT_VERSION = 1;
				DEBUG_INFORMATION_FORMAT = "dwarf-with-dsym";
				ENABLE_NS_ASSERTIONS = NO;
				ENABLE_STRICT_OBJC_MSGSEND = YES;
				GCC_C_LANGUAGE_STANDARD = gnu11;
				GCC_NO_COMMON_BLOCKS = YES;
				GCC_WARN_64_TO_32_BIT_CONVERSION = YES;
				GCC_WARN_ABOUT_RETURN_TYPE = YES_ERROR;
				GCC_WARN_UNDECLARED_SELECTOR = YES;
				GCC_WARN_UNINITIALIZED_AUTOS = YES_AGGRESSIVE;
				GCC_WARN_UNUSED_FUNCTION = YES;
				GCC_WARN_UNUSED_VARIABLE = YES;
				IPHONEOS_DEPLOYMENT_TARGET = 14.0;
				MTL_ENABLE_DEBUG_INFO = NO;
				MTL_FAST_MATH = YES;
				SDKROOT = iphoneos;
				SWIFT_COMPILATION_MODE = wholemodule;
				SWIFT_OPTIMIZATION_LEVEL = "-O";
				VALIDATE_PRODUCT = YES;
				VERSIONING_SYSTEM = "apple-generic";
				VERSION_INFO_PREFIX = "";
			};
			name = Release;
		};
		C7757A7F2A925EC9008B1DDC /* Debug */ = {
			isa = XCBuildConfiguration;
			baseConfigurationReference = 01E8071B8ABF16A59A708E62 /* Pods-lib_ios_core.debug.xcconfig */;
			buildSettings = {
				CLANG_ENABLE_MODULES = YES;
				CODE_SIGN_STYLE = Automatic;
				CURRENT_PROJECT_VERSION = 1;
				DEFINES_MODULE = YES;
				DEVELOPMENT_TEAM = 4B2H5C22JQ;
				DYLIB_COMPATIBILITY_VERSION = 1;
				DYLIB_CURRENT_VERSION = 1;
				DYLIB_INSTALL_NAME_BASE = "@rpath";
				ENABLE_MODULE_VERIFIER = YES;
				GENERATE_INFOPLIST_FILE = YES;
				INFOPLIST_KEY_NSHumanReadableCopyright = "";
				INSTALL_PATH = "$(LOCAL_LIBRARY_DIR)/Frameworks";
				IPHONEOS_DEPLOYMENT_TARGET = 14.0;
				LD_RUNPATH_SEARCH_PATHS = (
					"$(inherited)",
					"@executable_path/Frameworks",
					"@loader_path/Frameworks",
				);
				MARKETING_VERSION = 1.0;
				MODULE_VERIFIER_SUPPORTED_LANGUAGES = "objective-c objective-c++";
				MODULE_VERIFIER_SUPPORTED_LANGUAGE_STANDARDS = "gnu11 gnu++20";
				PRODUCT_BUNDLE_IDENTIFIER = "com.tezov.lib-ios-core";
				PRODUCT_NAME = "$(TARGET_NAME:c99extidentifier)";
				SKIP_INSTALL = YES;
				SUPPORTED_PLATFORMS = "iphoneos iphonesimulator";
				SUPPORTS_MACCATALYST = NO;
				SUPPORTS_MAC_DESIGNED_FOR_IPHONE_IPAD = NO;
				SWIFT_EMIT_LOC_STRINGS = YES;
				SWIFT_OPTIMIZATION_LEVEL = "-Onone";
				SWIFT_VERSION = 5.0;
				TARGETED_DEVICE_FAMILY = "1,2";
			};
			name = Debug;
		};
		C7757A802A925EC9008B1DDC /* Release */ = {
			isa = XCBuildConfiguration;
			baseConfigurationReference = 449135384F5336CC0792191C /* Pods-lib_ios_core.release.xcconfig */;
			buildSettings = {
				CLANG_ENABLE_MODULES = YES;
				CODE_SIGN_STYLE = Automatic;
				CURRENT_PROJECT_VERSION = 1;
				DEFINES_MODULE = YES;
				DEVELOPMENT_TEAM = 4B2H5C22JQ;
				DYLIB_COMPATIBILITY_VERSION = 1;
				DYLIB_CURRENT_VERSION = 1;
				DYLIB_INSTALL_NAME_BASE = "@rpath";
				ENABLE_MODULE_VERIFIER = YES;
				GENERATE_INFOPLIST_FILE = YES;
				INFOPLIST_KEY_NSHumanReadableCopyright = "";
				INSTALL_PATH = "$(LOCAL_LIBRARY_DIR)/Frameworks";
				IPHONEOS_DEPLOYMENT_TARGET = 14.0;
				LD_RUNPATH_SEARCH_PATHS = (
					"$(inherited)",
					"@executable_path/Frameworks",
					"@loader_path/Frameworks",
				);
				MARKETING_VERSION = 1.0;
				MODULE_VERIFIER_SUPPORTED_LANGUAGES = "objective-c objective-c++";
				MODULE_VERIFIER_SUPPORTED_LANGUAGE_STANDARDS = "gnu11 gnu++20";
				PRODUCT_BUNDLE_IDENTIFIER = "com.tezov.lib-ios-core";
				PRODUCT_NAME = "$(TARGET_NAME:c99extidentifier)";
				SKIP_INSTALL = YES;
				SUPPORTED_PLATFORMS = "iphoneos iphonesimulator";
				SUPPORTS_MACCATALYST = NO;
				SUPPORTS_MAC_DESIGNED_FOR_IPHONE_IPAD = NO;
				SWIFT_EMIT_LOC_STRINGS = YES;
				SWIFT_VERSION = 5.0;
				TARGETED_DEVICE_FAMILY = "1,2";
			};
			name = Release;
		};
/* End XCBuildConfiguration section */

/* Begin XCConfigurationList section */
		C7757A712A925EC9008B1DDC /* Build configuration list for PBXProject "lib_ios_core" */ = {
			isa = XCConfigurationList;
			buildConfigurations = (
				C7757A7C2A925EC9008B1DDC /* Debug */,
				C7757A7D2A925EC9008B1DDC /* Release */,
			);
			defaultConfigurationIsVisible = 0;
			defaultConfigurationName = Release;
		};
		C7757A7E2A925EC9008B1DDC /* Build configuration list for PBXNativeTarget "lib_ios_core" */ = {
			isa = XCConfigurationList;
			buildConfigurations = (
				C7757A7F2A925EC9008B1DDC /* Debug */,
				C7757A802A925EC9008B1DDC /* Release */,
			);
			defaultConfigurationIsVisible = 0;
			defaultConfigurationName = Release;
		};
/* End XCConfigurationList section */
	};
	rootObject = C7757A6E2A925EC9008B1DDC /* Project object */;
}
